Microsoft Visual Studio Solution File, Format Version 12.00
# Visual Studio Version 17
VisualStudioVersion = 17.5.2.0
MinimumVisualStudioVersion = 10.0.40219.1
Project("{FAE04EC0-301F-11D3-BF4B-00C04F79EFBC}") = "SS12Server", "SS12Server\SS12Server.csproj", "{FAE10124-EA7C-FBAC-A0E1-2EEB59F9DA64}"
EndProject
Global
	GlobalSection(SolutionConfigurationPlatforms) = preSolution
		Debug|Any CPU = Debug|Any CPU
		Release|Any CPU = Release|Any CPU
	EndGlobalSection
	GlobalSection(ProjectConfigurationPlatforms) = postSolution
		{FAE10124-EA7C-FBAC-A0E1-2EEB59F9DA64}.Debug|Any CPU.ActiveCfg = Debug|Any CPU
		{FAE10124-EA7C-FBAC-A0E1-2EEB59F9DA64}.Debug|Any CPU.Build.0 = Debug|Any CPU
		{FAE10124-EA7C-FBAC-A0E1-2EEB59F9DA64}.Release|Any CPU.ActiveCfg = Release|Any CPU
		{FAE10124-EA7C-FBAC-A0E1-2EEB59F9DA64}.Release|Any CPU.Build.0 = Release|Any CPU
	EndGlobalSection
	GlobalSection(SolutionProperties) = preSolution
		HideSolutionNode = FALSE
	EndGlobalSection
	GlobalSection(ExtensibilityGlobals) = postSolution
		SolutionGuid = {592EDA11-E103-45AB-AECE-F025CC87C367}
	EndGlobalSection
EndGlobal
